
Microsoft Visual Studio Solution File, Format Version 12.00
# Visual Studio 15
VisualStudioVersion = 15.0.27004.2005
MinimumVisualStudioVersion = 10.0.40219.1
Project("{FAE04EC0-301F-11D3-BF4B-00C04F79EFBC}") = "Infoscreen.Web", "Infoscreen.Web\Infoscreen.Web.csproj", "{2202CD81-87D2-4B6B-AFD0-9D7360CC1EAC}"
EndProject
Project("{E53339B2-1760-4266-BCC7-CA923CBCF16C}") = "docker-compose", "docker-compose.dcproj", "{7FAA7E5D-CA3C-4938-82FB-193B41613916}"
EndProject
Global
	GlobalSection(SolutionConfigurationPlatforms) = preSolution
		Debug|Any CPU = Debug|Any CPU
		Release|Any CPU = Release|Any CPU
	EndGlobalSection
	GlobalSection(ProjectConfigurationPlatforms) = postSolution
		{2202CD81-87D2-4B6B-AFD0-9D7360CC1EAC}.Debug|Any CPU.ActiveCfg = Debug|Any CPU
		{2202CD81-87D2-4B6B-AFD0-9D7360CC1EAC}.Debug|Any CPU.Build.0 = Debug|Any CPU
		{2202CD81-87D2-4B6B-AFD0-9D7360CC1EAC}.Release|Any CPU.ActiveCfg = Release|Any CPU
		{2202CD81-87D2-4B6B-AFD0-9D7360CC1EAC}.Release|Any CPU.Build.0 = Release|Any CPU
		{7FAA7E5D-CA3C-4938-82FB-193B41613916}.Debug|Any CPU.ActiveCfg = Debug|Any CPU
		{7FAA7E5D-CA3C-4938-82FB-193B41613916}.Debug|Any CPU.Build.0 = Debug|Any CPU
		{7FAA7E5D-CA3C-4938-82FB-193B41613916}.Release|Any CPU.ActiveCfg = Release|Any CPU
		{7FAA7E5D-CA3C-4938-82FB-193B41613916}.Release|Any CPU.Build.0 = Release|Any CPU
	EndGlobalSection
	GlobalSection(SolutionProperties) = preSolution
		HideSolutionNode = FALSE
	EndGlobalSection
	GlobalSection(ExtensibilityGlobals) = postSolution
		SolutionGuid = {18EB0CB4-8FC2-43A8-B8D7-EFC634B18AFB}
	EndGlobalSection
EndGlobal
